PODS:
  - clipboard_watcher (0.0.1):
    - FlutterMacOS
  - file_saver (0.0.1):
    - FlutterMacOS
  - file_selector_macos (0.0.1):
    - FlutterMacOS
  - FlutterMacOS (1.0.0)
  - macos_ui (0.1.0):
    - FlutterMacOS
  - path_provider_foundation (0.0.1):
    - Flutter
    - FlutterMacOS
  - record_macos (0.2.0):
    - FlutterMacOS
  - screen_retriever (0.0.1):
    - FlutterMacOS
  - screen_text_extractor (0.1.0):
    - FlutterMacOS
  - window_manager (0.2.0):
    - FlutterMacOS

DEPENDENCIES:
  - clipboard_watcher (from `Flutter/ephemeral/.symlinks/plugins/clipboard_watcher/macos`)
  - file_saver (from `Flutter/ephemeral/.symlinks/plugins/file_saver/macos`)
  - file_selector_macos (from `Flutter/ephemeral/.symlinks/plugins/file_selector_macos/macos`)
  - FlutterMacOS (from `Flutter/ephemeral`)
  - macos_ui (from `Flutter/ephemeral/.symlinks/plugins/macos_ui/macos`)
  - path_provider_foundation (from `Flutter/ephemeral/.symlinks/plugins/path_provider_foundation/macos`)
  - record_macos (from `Flutter/ephemeral/.symlinks/plugins/record_macos/macos`)
  - screen_retriever (from `Flutter/ephemeral/.symlinks/plugins/screen_retriever/macos`)
  - screen_text_extractor (from `Flutter/ephemeral/.symlinks/plugins/screen_text_extractor/macos`)
  - window_manager (from `Flutter/ephemeral/.symlinks/plugins/window_manager/macos`)

EXTERNAL SOURCES:
  clipboard_watcher:
    :path: Flutter/ephemeral/.symlinks/plugins/clipboard_watcher/macos
  file_saver:
    :path: Flutter/ephemeral/.symlinks/plugins/file_saver/macos
  file_selector_macos:
    :path: Flutter/ephemeral/.symlinks/plugins/file_selector_macos/macos
  FlutterMacOS:
    :path: Flutter/ephemeral
  macos_ui:
    :path: Flutter/ephemeral/.symlinks/plugins/macos_ui/macos
  path_provider_foundation:
    :path: Flutter/ephemeral/.symlinks/plugins/path_provider_foundation/macos
  record_macos:
    :path: Flutter/ephemeral/.symlinks/plugins/record_macos/macos
  screen_retriever:
    :path: Flutter/ephemeral/.symlinks/plugins/screen_retriever/macos
  screen_text_extractor:
    :path: Flutter/ephemeral/.symlinks/plugins/screen_text_extractor/macos
  window_manager:
    :path: Flutter/ephemeral/.symlinks/plugins/window_manager/macos

SPEC CHECKSUMS:
  clipboard_watcher: a71da520051c24c1b969a411b3e152d4dcc93ca5
  file_saver: 44e6fbf666677faf097302460e214e977fdd977b
  file_selector_macos: 0f85c1108e2fd597b58246bc0b0c1cb483d7593b
  FlutterMacOS: 8f6f14fa908a6fb3fba0cd85dbd81ec4b251fb24
  macos_ui: 6229a8922cd97bafb7d9636c8eb8dfb0744183ca
  path_provider_foundation: c68054786f1b4f3343858c1e1d0caaded73f0be9
  record_macos: 937889e0f2a7a12b6fc14e97a3678e5a18943de6
  screen_retriever: 59634572a57080243dd1bf715e55b6c54f241a38
  screen_text_extractor: 2c310f54af1dee881522e2b76bec9a668ebfe0cf
  window_manager: 3a1844359a6295ab1e47659b1a777e36773cd6e8

PODFILE CHECKSUM: d34eb706582eff25f7788f83664bc56d490af8fc

COCOAPODS: 1.11.3
